
Microsoft Visual Studio Solution File, Format Version 12.00
# Visual Studio Version 17
VisualStudioVersion = 17.9.34728.123
MinimumVisualStudioVersion = 10.0.40219.1
Project("{FAE04EC0-301F-11D3-BF4B-00C04F79EFBC}") = "Ejercicio 01", "Ejercicio 01\Ejercicio 01.csproj", "{DD6BCD66-362F-438D-9DA5-A1504EA9B827}"
EndProject
Project("{FAE04EC0-301F-11D3-BF4B-00C04F79EFBC}") = "Ejercicio 02- recursividad", "Ejercicio 02- recursividad\Ejercicio 02- recursividad.csproj", "{2747E324-50AB-400B-BD47-F53AE29F26BD}"
EndProject
Project("{FAE04EC0-301F-11D3-BF4B-00C04F79EFBC}") = "Ejercicio 03", "Ejercicio 03\Ejercicio 03.csproj", "{C471679A-BA86-4722-9A12-C031E825878F}"
EndProject
Project("{FAE04EC0-301F-11D3-BF4B-00C04F79EFBC}") = "Ejercicio 04", "Ejercicio 04\Ejercicio 04.csproj", "{97AEE58B-00BB-4D79-860C-BCC1FFCDE306}"
EndProject
Project("{FAE04EC0-301F-11D3-BF4B-00C04F79EFBC}") = "Ejercicio 05", "Ejercicio 05\Ejercicio 05.csproj", "{7BA06C89-E329-4FB0-8730-9CD7E7BBAC69}"
EndProject
Project("{FAE04EC0-301F-11D3-BF4B-00C04F79EFBC}") = "Ejercicio 6-matrices y arreglos", "Ejercicio 6-matrices y arreglos\Ejercicio 6-matrices y arreglos.csproj", "{8EFC64DB-2B5E-4525-8FD2-B6FF9BF64302}"
EndProject
Project("{FAE04EC0-301F-11D3-BF4B-00C04F79EFBC}") = "Ejercicio 07", "Ejercicio 07\Ejercicio 07.csproj", "{B92EB99A-4463-4117-9BFE-B9D5427DBD54}"
EndProject
Project("{FAE04EC0-301F-11D3-BF4B-00C04F79EFBC}") = "Ejercicio 08", "Ejercicio 08\Ejercicio 08.csproj", "{A047F92B-0BCF-4D5E-A292-536A6D0B96E8}"
EndProject
Project("{FAE04EC0-301F-11D3-BF4B-00C04F79EFBC}") = "Ejercicio 10", "Ejercicio 10\Ejercicio 10.csproj", "{23A2FF3F-D3AF-4B94-A63D-E04F67A2DAFE}"
EndProject
Project("{FAE04EC0-301F-11D3-BF4B-00C04F79EFBC}") = "Ejercicio 11", "Ejercicio 11\Ejercicio 11.csproj", "{E5F86193-0CDD-4C32-B214-F525B9DFC737}"
EndProject
Project("{FAE04EC0-301F-11D3-BF4B-00C04F79EFBC}") = "Ejercicio 12", "Ejercicio 12\Ejercicio 12.csproj", "{1AF1802C-BA5A-4F08-A69B-D57BC1AD7DE4}"
EndProject
Project("{FAE04EC0-301F-11D3-BF4B-00C04F79EFBC}") = "Ejercicio 1.matrices", "Ejercicio 1.matrices\Ejercicio 1.matrices.csproj", "{1651B815-0499-447A-A699-DC2835BBD6E6}"
EndProject
Project("{FAE04EC0-301F-11D3-BF4B-00C04F79EFBC}") = "Ejercicio 2 . matrices", "Ejercicio 2 . matrices\Ejercicio 2 . matrices.csproj", "{82A8959C-60D3-42EC-918B-97CF0C61EA29}"
EndProject
Project("{FAE04EC0-301F-11D3-BF4B-00C04F79EFBC}") = "Ejercicio 3. matrices", "Ejercicio 3. matrices\Ejercicio 3. matrices.csproj", "{A12B88F9-AFD1-4B2F-AF9E-A5601534FA99}"
EndProject
Project("{FAE04EC0-301F-11D3-BF4B-00C04F79EFBC}") = "Ejercicio 5 . matrices", "Ejercicio 5 . matrices\Ejercicio 5 . matrices.csproj", "{E3015646-DB9C-4332-B2B9-CA6E88004FB3}"
EndProject
Global
	GlobalSection(SolutionConfigurationPlatforms) = preSolution
		Debug|Any CPU = Debug|Any CPU
		Release|Any CPU = Release|Any CPU
	EndGlobalSection
	GlobalSection(ProjectConfigurationPlatforms) = postSolution
		{DD6BCD66-362F-438D-9DA5-A1504EA9B827}.Debug|Any CPU.ActiveCfg = Debug|Any CPU
		{DD6BCD66-362F-438D-9DA5-A1504EA9B827}.Debug|Any CPU.Build.0 = Debug|Any CPU
		{DD6BCD66-362F-438D-9DA5-A1504EA9B827}.Release|Any CPU.ActiveCfg = Release|Any CPU
		{DD6BCD66-362F-438D-9DA5-A1504EA9B827}.Release|Any CPU.Build.0 = Release|Any CPU
		{2747E324-50AB-400B-BD47-F53AE29F26BD}.Debug|Any CPU.ActiveCfg = Debug|Any CPU
		{2747E324-50AB-400B-BD47-F53AE29F26BD}.Debug|Any CPU.Build.0 = Debug|Any CPU
		{2747E324-50AB-400B-BD47-F53AE29F26BD}.Release|Any CPU.ActiveCfg = Release|Any CPU
		{2747E324-50AB-400B-BD47-F53AE29F26BD}.Release|Any CPU.Build.0 = Release|Any CPU
		{C471679A-BA86-4722-9A12-C031E825878F}.Debug|Any CPU.ActiveCfg = Debug|Any CPU
		{C471679A-BA86-4722-9A12-C031E825878F}.Debug|Any CPU.Build.0 = Debug|Any CPU
		{C471679A-BA86-4722-9A12-C031E825878F}.Release|Any CPU.ActiveCfg = Release|Any CPU
		{C471679A-BA86-4722-9A12-C031E825878F}.Release|Any CPU.Build.0 = Release|Any CPU
		{97AEE58B-00BB-4D79-860C-BCC1FFCDE306}.Debug|Any CPU.ActiveCfg = Debug|Any CPU
		{97AEE58B-00BB-4D79-860C-BCC1FFCDE306}.Debug|Any CPU.Build.0 = Debug|Any CPU
		{97AEE58B-00BB-4D79-860C-BCC1FFCDE306}.Release|Any CPU.ActiveCfg = Release|Any CPU
		{97AEE58B-00BB-4D79-860C-BCC1FFCDE306}.Release|Any CPU.Build.0 = Release|Any CPU
		{7BA06C89-E329-4FB0-8730-9CD7E7BBAC69}.Debug|Any CPU.ActiveCfg = Debug|Any CPU
		{7BA06C89-E329-4FB0-8730-9CD7E7BBAC69}.Debug|Any CPU.Build.0 = Debug|Any CPU
		{7BA06C89-E329-4FB0-8730-9CD7E7BBAC69}.Release|Any CPU.ActiveCfg = Release|Any CPU
		{7BA06C89-E329-4FB0-8730-9CD7E7BBAC69}.Release|Any CPU.Build.0 = Release|Any CPU
		{8EFC64DB-2B5E-4525-8FD2-B6FF9BF64302}.Debug|Any CPU.ActiveCfg = Debug|Any CPU
		{8EFC64DB-2B5E-4525-8FD2-B6FF9BF64302}.Debug|Any CPU.Build.0 = Debug|Any CPU
		{8EFC64DB-2B5E-4525-8FD2-B6FF9BF64302}.Release|Any CPU.ActiveCfg = Release|Any CPU
		{8EFC64DB-2B5E-4525-8FD2-B6FF9BF64302}.Release|Any CPU.Build.0 = Release|Any CPU
		{B92EB99A-4463-4117-9BFE-B9D5427DBD54}.Debug|Any CPU.ActiveCfg = Debug|Any CPU
		{B92EB99A-4463-4117-9BFE-B9D5427DBD54}.Debug|Any CPU.Build.0 = Debug|Any CPU
		{B92EB99A-4463-4117-9BFE-B9D5427DBD54}.Release|Any CPU.ActiveCfg = Release|Any CPU
		{B92EB99A-4463-4117-9BFE-B9D5427DBD54}.Release|Any CPU.Build.0 = Release|Any CPU
		{A047F92B-0BCF-4D5E-A292-536A6D0B96E8}.Debug|Any CPU.ActiveCfg = Debug|Any CPU
		{A047F92B-0BCF-4D5E-A292-536A6D0B96E8}.Debug|Any CPU.Build.0 = Debug|Any CPU
		{A047F92B-0BCF-4D5E-A292-536A6D0B96E8}.Release|Any CPU.ActiveCfg = Release|Any CPU
		{A047F92B-0BCF-4D5E-A292-536A6D0B96E8}.Release|Any CPU.Build.0 = Release|Any CPU
		{23A2FF3F-D3AF-4B94-A63D-E04F67A2DAFE}.Debug|Any CPU.ActiveCfg = Debug|Any CPU
		{23A2FF3F-D3AF-4B94-A63D-E04F67A2DAFE}.Debug|Any CPU.Build.0 = Debug|Any CPU
		{23A2FF3F-D3AF-4B94-A63D-E04F67A2DAFE}.Release|Any CPU.ActiveCfg = Release|Any CPU
		{23A2FF3F-D3AF-4B94-A63D-E04F67A2DAFE}.Release|Any CPU.Build.0 = Release|Any CPU
		{E5F86193-0CDD-4C32-B214-F525B9DFC737}.Debug|Any CPU.ActiveCfg = Debug|Any CPU
		{E5F86193-0CDD-4C32-B214-F525B9DFC737}.Debug|Any CPU.Build.0 = Debug|Any CPU
		{E5F86193-0CDD-4C32-B214-F525B9DFC737}.Release|Any CPU.ActiveCfg = Release|Any CPU
		{E5F86193-0CDD-4C32-B214-F525B9DFC737}.Release|Any CPU.Build.0 = Release|Any CPU
		{1AF1802C-BA5A-4F08-A69B-D57BC1AD7DE4}.Debug|Any CPU.ActiveCfg = Debug|Any CPU
		{1AF1802C-BA5A-4F08-A69B-D57BC1AD7DE4}.Debug|Any CPU.Build.0 = Debug|Any CPU
		{1AF1802C-BA5A-4F08-A69B-D57BC1AD7DE4}.Release|Any CPU.ActiveCfg = Release|Any CPU
		{1AF1802C-BA5A-4F08-A69B-D57BC1AD7DE4}.Release|Any CPU.Build.0 = Release|Any CPU
		{1651B815-0499-447A-A699-DC2835BBD6E6}.Debug|Any CPU.ActiveCfg = Debug|Any CPU
		{1651B815-0499-447A-A699-DC2835BBD6E6}.Debug|Any CPU.Build.0 = Debug|Any CPU
		{1651B815-0499-447A-A699-DC2835BBD6E6}.Release|Any CPU.ActiveCfg = Release|Any CPU
		{1651B815-0499-447A-A699-DC2835BBD6E6}.Release|Any CPU.Build.0 = Release|Any CPU
		{82A8959C-60D3-42EC-918B-97CF0C61EA29}.Debug|Any CPU.ActiveCfg = Debug|Any CPU
		{82A8959C-60D3-42EC-918B-97CF0C61EA29}.Debug|Any CPU.Build.0 = Debug|Any CPU
		{82A8959C-60D3-42EC-918B-97CF0C61EA29}.Release|Any CPU.ActiveCfg = Release|Any CPU
		{82A8959C-60D3-42EC-918B-97CF0C61EA29}.Release|Any CPU.Build.0 = Release|Any CPU
		{A12B88F9-AFD1-4B2F-AF9E-A5601534FA99}.Debug|Any CPU.ActiveCfg = Debug|Any CPU
		{A12B88F9-AFD1-4B2F-AF9E-A5601534FA99}.Debug|Any CPU.Build.0 = Debug|Any CPU
		{A12B88F9-AFD1-4B2F-AF9E-A5601534FA99}.Release|Any CPU.ActiveCfg = Release|Any CPU
		{A12B88F9-AFD1-4B2F-AF9E-A5601534FA99}.Release|Any CPU.Build.0 = Release|Any CPU
		{E3015646-DB9C-4332-B2B9-CA6E88004FB3}.Debug|Any CPU.ActiveCfg = Debug|Any CPU
		{E3015646-DB9C-4332-B2B9-CA6E88004FB3}.Debug|Any CPU.Build.0 = Debug|Any CPU
		{E3015646-DB9C-4332-B2B9-CA6E88004FB3}.Release|Any CPU.ActiveCfg = Release|Any CPU
		{E3015646-DB9C-4332-B2B9-CA6E88004FB3}.Release|Any CPU.Build.0 = Release|Any CPU
	EndGlobalSection
	GlobalSection(SolutionProperties) = preSolution
		HideSolutionNode = FALSE
	EndGlobalSection
	GlobalSection(ExtensibilityGlobals) = postSolution
		SolutionGuid = {D64AA43C-79C9-44D2-878B-D514BCAFD250}
	EndGlobalSection
EndGlobal
